
Microsoft Visual Studio Solution File, Format Version 12.00
# Visual Studio Version 16
VisualStudioVersion = 25.0.1700.0
MinimumVisualStudioVersion = 10.0.40219.1
Project("{FAE04EC0-301F-11D3-BF4B-00C04F79EFBC}") = "DesignPatterns", "DesignPatterns\DesignPatterns.csproj", "{89E60A43-B4FE-435E-83ED-70E9E886BE4D}"
EndProject
Global
	GlobalSection(SolutionConfigurationPlatforms) = preSolution
		Debug|Any CPU = Debug|Any CPU
		Release|Any CPU = Release|Any CPU
	EndGlobalSection
	GlobalSection(ProjectConfigurationPlatforms) = postSolution
		{89E60A43-B4FE-435E-83ED-70E9E886BE4D}.Debug|Any CPU.ActiveCfg = Debug|Any CPU
		{89E60A43-B4FE-435E-83ED-70E9E886BE4D}.Debug|Any CPU.Build.0 = Debug|Any CPU
		{89E60A43-B4FE-435E-83ED-70E9E886BE4D}.Release|Any CPU.ActiveCfg = Release|Any CPU
		{89E60A43-B4FE-435E-83ED-70E9E886BE4D}.Release|Any CPU.Build.0 = Release|Any CPU
	EndGlobalSection
	GlobalSection(SolutionProperties) = preSolution
		HideSolutionNode = FALSE
	EndGlobalSection
	GlobalSection(ExtensibilityGlobals) = postSolution
		SolutionGuid = {7EB804FB-2D66-4D8B-A30A-E32D7CD899E4}
	EndGlobalSection
EndGlobal
